{
  "nodes": {
    "beans": {
      "inputs": {
        "nixpkgs": [
          "nixpkgs"
        ]
      },
      "locked": {
        "lastModified": 1766048923,
        "narHash": "sha256-c0TNkNyjjhEFMNA1y45dRLbu5HBWuqVintF4sNQ9ubg=",
        "owner": "Sanfrag",
        "repo": "beans",
        "rev": "13fdb1f14008f9c1aed556583d5ed87d033ce0df",
        "type": "github"
      },
      "original": {
        "owner": "Sanfrag",
        "repo": "beans",
        "type": "github"
      }
    },
    "chinese-fonts-overlay": {
      "inputs": {
        "nixpkgs": "nixpkgs"
      },
      "locked": {
        "lastModified": 1763191926,
        "narHash": "sha256-I71+uQOV9pz8Twf+sGuKvy9K3ldpmYY6wRFGrRMizlg=",
        "owner": "brsvh",
        "repo": "chinese-fonts-overlay",
        "rev": "18c78ed52845347b8af58f836b568472bed1de62",
        "type": "github"
      },
      "original": {
        "owner": "brsvh",
        "repo": "chinese-fonts-overlay",
        "type": "github"
      }
    },
    "home-manager": {
      "inputs": {
        "nixpkgs": [
          "nixpkgs"
        ]
      },
      "locked": {
        "lastModified": 1765980955,
        "narHash": "sha256-rB45jv4uwC90vM9UZ70plfvY/2Kdygs+zlQ07dGQFk4=",
        "owner": "nix-community",
        "repo": "home-manager",
        "rev": "89c9508bbe9b40d36b3dc206c2483ef176f15173",
        "type": "github"
      },
      "original": {
        "owner": "nix-community",
        "repo": "home-manager",
        "type": "github"
      }
    },
    "nixpkgs": {
      "locked": {
        "lastModified": 1731139594,
        "narHash": "sha256-IigrKK3vYRpUu+HEjPL/phrfh7Ox881er1UEsZvw9Q4=",
        "owner": "NixOS",
        "repo": "nixpkgs",
        "rev": "76612b17c0ce71689921ca12d9ffdc9c23ce40b2",
        "type": "github"
      },
      "original": {
        "owner": "NixOS",
        "ref": "nixos-unstable",
        "repo": "nixpkgs",
        "type": "github"
      }
    },
    "nixpkgs_2": {
      "locked": {
        "lastModified": 1765779637,
        "narHash": "sha256-KJ2wa/BLSrTqDjbfyNx70ov/HdgNBCBBSQP3BIzKnv4=",
        "owner": "NixOS",
        "repo": "nixpkgs",
        "rev": "1306659b587dc277866c7b69eb97e5f07864d8c4",
        "type": "github"
      },
      "original": {
        "owner": "NixOS",
        "ref": "nixos-unstable",
        "repo": "nixpkgs",
        "type": "github"
      }
    },
    "plasma-manager": {
      "inputs": {
        "home-manager": [
          "home-manager"
        ],
        "nixpkgs": [
          "nixpkgs"
        ]
      },
      "locked": {
        "lastModified": 1763909441,
        "narHash": "sha256-56LwV51TX/FhgX+5LCG6akQ5KrOWuKgcJa+eUsRMxsc=",
        "owner": "nix-community",
        "repo": "plasma-manager",
        "rev": "b24ed4b272256dfc1cc2291f89a9821d5f9e14b4",
        "type": "github"
      },
      "original": {
        "owner": "nix-community",
        "repo": "plasma-manager",
        "type": "github"
      }
    },
    "root": {
      "inputs": {
        "beans": "beans",
        "chinese-fonts-overlay": "chinese-fonts-overlay",
        "home-manager": "home-manager",
        "nixpkgs": "nixpkgs_2",
        "plasma-manager": "plasma-manager",
        "waterfall": "waterfall",
        "zen-browser": "zen-browser"
      }
    },
    "waterfall": {
      "inputs": {
        "nixpkgs": [
          "nixpkgs"
        ]
      },
      "locked": {
        "lastModified": 1766579159,
        "narHash": "sha256-Eo1C6hp/asZ5k54Yth3b+UWN2WB0jfCFRlFqBHRXZXg=",
        "owner": "Sanfrag",
        "repo": "waterfall",
        "rev": "668df336ef097974b4321be9707b0e8eb2f26219",
        "type": "github"
      },
      "original": {
        "owner": "Sanfrag",
        "repo": "waterfall",
        "type": "github"
      }
    },
    "zen-browser": {
      "inputs": {
        "home-manager": [
          "home-manager"
        ],
        "nixpkgs": [
          "nixpkgs"
        ]
      },
      "locked": {
        "lastModified": 1766032508,
        "narHash": "sha256-7MHR94mOoa5/s4NBrpsXWaNNzrZyRC0OwRwEobp1wzI=",
        "owner": "0xc000022070",
        "repo": "zen-browser-flake",
        "rev": "a7f58a9e3481804915d75a9c86527bca6d9dafb3",
        "type": "github"
      },
      "original": {
        "owner": "0xc000022070",
        "repo": "zen-browser-flake",
        "type": "github"
      }
    }
  },
  "root": "root",
  "version": 7
}
