{
  "nodes": {
    "beans": {
      "inputs": {
        "nixpkgs": [
          "nixpkgs"
        ]
      },
      "locked": {
        "lastModified": 1754536372,
        "narHash": "sha256-d6WbcR+FJ7FBxeW0LQxHLvnh2DC/bIXToWgb6xjnMO8=",
        "owner": "Sanfrag",
        "repo": "beans",
        "rev": "de2d564f293d5ee5eae66b2b96c18eb42e9fc2dd",
        "type": "github"
      },
      "original": {
        "owner": "Sanfrag",
        "repo": "beans",
        "type": "github"
      }
    },
    "chinese-fonts-overlay": {
      "inputs": {
        "nixpkgs": "nixpkgs"
      },
      "locked": {
        "lastModified": 1735891296,
        "narHash": "sha256-xmyzX5JXC1JQNVNhI8AnbivcID2AJoCQXlSKxRxsMt0=",
        "owner": "brsvh",
        "repo": "chinese-fonts-overlay",
        "rev": "748d91262ab205d069d5a40275f079ed70b71994",
        "type": "github"
      },
      "original": {
        "owner": "brsvh",
        "repo": "chinese-fonts-overlay",
        "type": "github"
      }
    },
    "home-manager": {
      "inputs": {
        "nixpkgs": [
          "nixpkgs"
        ]
      },
      "locked": {
        "lastModified": 1762463325,
        "narHash": "sha256-33YUsWpPyeBZEWrKQ2a1gkRZ7i0XCC/2MYpU6BVeQSU=",
        "owner": "nix-community",
        "repo": "home-manager",
        "rev": "0562fef070a1027325dd4ea10813d64d2c967b39",
        "type": "github"
      },
      "original": {
        "owner": "nix-community",
        "repo": "home-manager",
        "type": "github"
      }
    },
    "home-manager_2": {
      "inputs": {
        "nixpkgs": [
          "zen-browser",
          "nixpkgs"
        ]
      },
      "locked": {
        "lastModified": 1762351818,
        "narHash": "sha256-0ptUDbYwxv1kk/uzEX4+NJjY2e16MaAhtzAOJ6K0TG0=",
        "owner": "nix-community",
        "repo": "home-manager",
        "rev": "b959c67241cae17fc9e4ee7eaf13dfa8512477ea",
        "type": "github"
      },
      "original": {
        "owner": "nix-community",
        "repo": "home-manager",
        "type": "github"
      }
    },
    "jetbra": {
      "locked": {
        "lastModified": 1749619028,
        "narHash": "sha256-Jet0ce1H/VSFD+YEW6XFzm3aAoO5xH9Mq9DFooph0Ek=",
        "owner": "Sanfrag",
        "repo": "nix-jetbra",
        "rev": "e444a1bca434b72aff6143f55b90741e3071fc87",
        "type": "github"
      },
      "original": {
        "owner": "Sanfrag",
        "repo": "nix-jetbra",
        "type": "github"
      }
    },
    "nixpkgs": {
      "locked": {
        "lastModified": 1731139594,
        "narHash": "sha256-IigrKK3vYRpUu+HEjPL/phrfh7Ox881er1UEsZvw9Q4=",
        "owner": "NixOS",
        "repo": "nixpkgs",
        "rev": "76612b17c0ce71689921ca12d9ffdc9c23ce40b2",
        "type": "github"
      },
      "original": {
        "owner": "NixOS",
        "ref": "nixos-unstable",
        "repo": "nixpkgs",
        "type": "github"
      }
    },
    "nixpkgs_2": {
      "locked": {
        "lastModified": 1762363567,
        "narHash": "sha256-YRqMDEtSMbitIMj+JLpheSz0pwEr0Rmy5mC7myl17xs=",
        "owner": "NixOS",
        "repo": "nixpkgs",
        "rev": "ae814fd3904b621d8ab97418f1d0f2eb0d3716f4",
        "type": "github"
      },
      "original": {
        "owner": "NixOS",
        "ref": "nixos-unstable",
        "repo": "nixpkgs",
        "type": "github"
      }
    },
    "plasma-manager": {
      "inputs": {
        "home-manager": [
          "home-manager"
        ],
        "nixpkgs": [
          "nixpkgs"
        ]
      },
      "locked": {
        "lastModified": 1762274591,
        "narHash": "sha256-Vbhluvk15qwiyNDyPd9tjJh9gxIfUjbKVT79c05Pd3I=",
        "owner": "nix-community",
        "repo": "plasma-manager",
        "rev": "6296d7100cc84b2ff732b7c103a50c2856974cf6",
        "type": "github"
      },
      "original": {
        "owner": "nix-community",
        "repo": "plasma-manager",
        "type": "github"
      }
    },
    "root": {
      "inputs": {
        "beans": "beans",
        "chinese-fonts-overlay": "chinese-fonts-overlay",
        "home-manager": "home-manager",
        "jetbra": "jetbra",
        "nixpkgs": "nixpkgs_2",
        "plasma-manager": "plasma-manager",
        "waterfall": "waterfall",
        "zen-browser": "zen-browser"
      }
    },
    "waterfall": {
      "inputs": {
        "nixpkgs": [
          "nixpkgs"
        ]
      },
      "locked": {
        "lastModified": 1762595425,
        "narHash": "sha256-MGk14+Owna13yq4bONVHubMr3Xfd1IEsDhO8qAV5gtM=",
        "owner": "Sanfrag",
        "repo": "waterfall",
        "rev": "464da47275e64a0ce6703f3cf1ec91ddc8d16f99",
        "type": "github"
      },
      "original": {
        "owner": "Sanfrag",
        "repo": "waterfall",
        "type": "github"
      }
    },
    "zen-browser": {
      "inputs": {
        "home-manager": "home-manager_2",
        "nixpkgs": [
          "nixpkgs"
        ]
      },
      "locked": {
        "lastModified": 1762497066,
        "narHash": "sha256-pS45age8ZlpDk52kJLjPwoGNJE/XB0LZbyIFte2vtok=",
        "owner": "0xc000022070",
        "repo": "zen-browser-flake",
        "rev": "e774c6421714a7a54ed4dfb65d1c936b8728d589",
        "type": "github"
      },
      "original": {
        "owner": "0xc000022070",
        "repo": "zen-browser-flake",
        "type": "github"
      }
    }
  },
  "root": "root",
  "version": 7
}
